
Microsoft Visual Studio Solution File, Format Version 12.00
# Visual Studio Version 17
VisualStudioVersion = 17.3.32929.385
MinimumVisualStudioVersion = 10.0.40219.1
Project("{FAE04EC0-301F-11D3-BF4B-00C04F79EFBC}") = "BYAML_Viewer", "BYAML_Viewer\BYAML_Viewer.csproj", "{0DE9437D-B498-428F-97C6-8CE8E9370A80}"
EndProject
Project("{FAE04EC0-301F-11D3-BF4B-00C04F79EFBC}") = "BYAML_Library", "BYAML_Library\BYAML_Library.csproj", "{0FF3E73B-0091-44FC-89C7-1B7A7FFA21CB}"
EndProject
Global
	GlobalSection(SolutionConfigurationPlatforms) = preSolution
		Debug|Any CPU = Debug|Any CPU
		Release|Any CPU = Release|Any CPU
	EndGlobalSection
	GlobalSection(ProjectConfigurationPlatforms) = postSolution
		{0DE9437D-B498-428F-97C6-8CE8E9370A80}.Debug|Any CPU.ActiveCfg = Debug|Any CPU
		{0DE9437D-B498-428F-97C6-8CE8E9370A80}.Debug|Any CPU.Build.0 = Debug|Any CPU
		{0DE9437D-B498-428F-97C6-8CE8E9370A80}.Release|Any CPU.ActiveCfg = Release|Any CPU
		{0DE9437D-B498-428F-97C6-8CE8E9370A80}.Release|Any CPU.Build.0 = Release|Any CPU
		{0FF3E73B-0091-44FC-89C7-1B7A7FFA21CB}.Debug|Any CPU.ActiveCfg = Debug|Any CPU
		{0FF3E73B-0091-44FC-89C7-1B7A7FFA21CB}.Debug|Any CPU.Build.0 = Debug|Any CPU
		{0FF3E73B-0091-44FC-89C7-1B7A7FFA21CB}.Release|Any CPU.ActiveCfg = Release|Any CPU
		{0FF3E73B-0091-44FC-89C7-1B7A7FFA21CB}.Release|Any CPU.Build.0 = Release|Any CPU
	EndGlobalSection
	GlobalSection(SolutionProperties) = preSolution
		HideSolutionNode = FALSE
	EndGlobalSection
	GlobalSection(ExtensibilityGlobals) = postSolution
		SolutionGuid = {29183A91-213D-429B-97CD-6EC2AF67AA87}
	EndGlobalSection
EndGlobal
